
Microsoft Visual Studio Solution File, Format Version 11.00
# Visual Studio 2010
Project("{FAE04EC0-301F-11D3-BF4B-00C04F79EFBC}") = "at.pkgs.logging", "at.pkgs.logging\at.pkgs.logging.csproj", "{15A8CE98-68FA-490D-95C0-CE3A75CE96BF}"
EndProject
Project("{FAE04EC0-301F-11D3-BF4B-00C04F79EFBC}") = "at.pkgs.logging.sample", "at.pkgs.logging.sample\at.pkgs.logging.sample.csproj", "{20E5C1FE-9BAC-48DC-9B9C-A60B70805A77}"
EndProject
Project("{FAE04EC0-301F-11D3-BF4B-00C04F79EFBC}") = "com.unitystack", "com.unitystack\com.unitystack.csproj", "{95EB5B9D-5B1E-4CB2-B014-06EC83AE8A17}"
EndProject
Project("{FAE04EC0-301F-11D3-BF4B-00C04F79EFBC}") = "com.unitystack.container.sample", "com.unitystack.container.sample\com.unitystack.container.sample.csproj", "{C907DA85-3A3F-4289-95E9-263F5CC79C7E}"
EndProject
Global
	GlobalSection(SolutionConfigurationPlatforms) = preSolution
		Debug|Any CPU = Debug|Any CPU
		Debug|Mixed Platforms = Debug|Mixed Platforms
		Debug|x86 = Debug|x86
		Release|Any CPU = Release|Any CPU
		Release|Mixed Platforms = Release|Mixed Platforms
		Release|x86 = Release|x86
		UnityDebug|Any CPU = UnityDebug|Any CPU
		UnityDebug|Mixed Platforms = UnityDebug|Mixed Platforms
		UnityDebug|x86 = UnityDebug|x86
		UnityRelease|Any CPU = UnityRelease|Any CPU
		UnityRelease|Mixed Platforms = UnityRelease|Mixed Platforms
		UnityRelease|x86 = UnityRelease|x86
	EndGlobalSection
	GlobalSection(ProjectConfigurationPlatforms) = postSolution
		{15A8CE98-68FA-490D-95C0-CE3A75CE96BF}.Debug|Any CPU.ActiveCfg = Debug|Any CPU
		{15A8CE98-68FA-490D-95C0-CE3A75CE96BF}.Debug|Any CPU.Build.0 = Debug|Any CPU
		{15A8CE98-68FA-490D-95C0-CE3A75CE96BF}.Debug|Mixed Platforms.ActiveCfg = Debug|Any CPU
		{15A8CE98-68FA-490D-95C0-CE3A75CE96BF}.Debug|Mixed Platforms.Build.0 = Debug|Any CPU
		{15A8CE98-68FA-490D-95C0-CE3A75CE96BF}.Debug|x86.ActiveCfg = Debug|Any CPU
		{15A8CE98-68FA-490D-95C0-CE3A75CE96BF}.Release|Any CPU.ActiveCfg = Release|Any CPU
		{15A8CE98-68FA-490D-95C0-CE3A75CE96BF}.Release|Any CPU.Build.0 = Release|Any CPU
		{15A8CE98-68FA-490D-95C0-CE3A75CE96BF}.Release|Mixed Platforms.ActiveCfg = Release|Any CPU
		{15A8CE98-68FA-490D-95C0-CE3A75CE96BF}.Release|Mixed Platforms.Build.0 = Release|Any CPU
		{15A8CE98-68FA-490D-95C0-CE3A75CE96BF}.Release|x86.ActiveCfg = Release|Any CPU
		{15A8CE98-68FA-490D-95C0-CE3A75CE96BF}.UnityDebug|Any CPU.ActiveCfg = UnityDebug|Any CPU
		{15A8CE98-68FA-490D-95C0-CE3A75CE96BF}.UnityDebug|Any CPU.Build.0 = UnityDebug|Any CPU
		{15A8CE98-68FA-490D-95C0-CE3A75CE96BF}.UnityDebug|Mixed Platforms.ActiveCfg = UnityDebug|Any CPU
		{15A8CE98-68FA-490D-95C0-CE3A75CE96BF}.UnityDebug|Mixed Platforms.Build.0 = UnityDebug|Any CPU
		{15A8CE98-68FA-490D-95C0-CE3A75CE96BF}.UnityDebug|x86.ActiveCfg = UnityDebug|Any CPU
		{15A8CE98-68FA-490D-95C0-CE3A75CE96BF}.UnityRelease|Any CPU.ActiveCfg = UnityRelease|Any CPU
		{15A8CE98-68FA-490D-95C0-CE3A75CE96BF}.UnityRelease|Any CPU.Build.0 = UnityRelease|Any CPU
		{15A8CE98-68FA-490D-95C0-CE3A75CE96BF}.UnityRelease|Mixed Platforms.ActiveCfg = Debug|Any CPU
		{15A8CE98-68FA-490D-95C0-CE3A75CE96BF}.UnityRelease|Mixed Platforms.Build.0 = Debug|Any CPU
		{15A8CE98-68FA-490D-95C0-CE3A75CE96BF}.UnityRelease|x86.ActiveCfg = UnityRelease|Any CPU
		{20E5C1FE-9BAC-48DC-9B9C-A60B70805A77}.Debug|Any CPU.ActiveCfg = Debug|x86
		{20E5C1FE-9BAC-48DC-9B9C-A60B70805A77}.Debug|Mixed Platforms.ActiveCfg = Debug|x86
		{20E5C1FE-9BAC-48DC-9B9C-A60B70805A77}.Debug|Mixed Platforms.Build.0 = Debug|x86
		{20E5C1FE-9BAC-48DC-9B9C-A60B70805A77}.Debug|x86.ActiveCfg = Debug|x86
		{20E5C1FE-9BAC-48DC-9B9C-A60B70805A77}.Debug|x86.Build.0 = Debug|x86
		{20E5C1FE-9BAC-48DC-9B9C-A60B70805A77}.Release|Any CPU.ActiveCfg = Release|x86
		{20E5C1FE-9BAC-48DC-9B9C-A60B70805A77}.Release|Mixed Platforms.ActiveCfg = Release|x86
		{20E5C1FE-9BAC-48DC-9B9C-A60B70805A77}.Release|Mixed Platforms.Build.0 = Release|x86
		{20E5C1FE-9BAC-48DC-9B9C-A60B70805A77}.Release|x86.ActiveCfg = Release|x86
		{20E5C1FE-9BAC-48DC-9B9C-A60B70805A77}.Release|x86.Build.0 = Release|x86
		{20E5C1FE-9BAC-48DC-9B9C-A60B70805A77}.UnityDebug|Any CPU.ActiveCfg = Debug|x86
		{20E5C1FE-9BAC-48DC-9B9C-A60B70805A77}.UnityDebug|Mixed Platforms.ActiveCfg = Debug|x86
		{20E5C1FE-9BAC-48DC-9B9C-A60B70805A77}.UnityDebug|Mixed Platforms.Build.0 = Debug|x86
		{20E5C1FE-9BAC-48DC-9B9C-A60B70805A77}.UnityDebug|x86.ActiveCfg = Debug|x86
		{20E5C1FE-9BAC-48DC-9B9C-A60B70805A77}.UnityDebug|x86.Build.0 = Debug|x86
		{20E5C1FE-9BAC-48DC-9B9C-A60B70805A77}.UnityRelease|Any CPU.ActiveCfg = Release|x86
		{20E5C1FE-9BAC-48DC-9B9C-A60B70805A77}.UnityRelease|Mixed Platforms.ActiveCfg = Release|x86
		{20E5C1FE-9BAC-48DC-9B9C-A60B70805A77}.UnityRelease|Mixed Platforms.Build.0 = Release|x86
		{20E5C1FE-9BAC-48DC-9B9C-A60B70805A77}.UnityRelease|x86.ActiveCfg = Release|x86
		{20E5C1FE-9BAC-48DC-9B9C-A60B70805A77}.UnityRelease|x86.Build.0 = Release|x86
		{95EB5B9D-5B1E-4CB2-B014-06EC83AE8A17}.Debug|Any CPU.ActiveCfg = UnityDebug|Any CPU
		{95EB5B9D-5B1E-4CB2-B014-06EC83AE8A17}.Debug|Any CPU.Build.0 = UnityDebug|Any CPU
		{95EB5B9D-5B1E-4CB2-B014-06EC83AE8A17}.Debug|Mixed Platforms.ActiveCfg = UnityDebug|Any CPU
		{95EB5B9D-5B1E-4CB2-B014-06EC83AE8A17}.Debug|Mixed Platforms.Build.0 = UnityDebug|Any CPU
		{95EB5B9D-5B1E-4CB2-B014-06EC83AE8A17}.Debug|x86.ActiveCfg = UnityRelease|Any CPU
		{95EB5B9D-5B1E-4CB2-B014-06EC83AE8A17}.Release|Any CPU.ActiveCfg = UnityRelease|Any CPU
		{95EB5B9D-5B1E-4CB2-B014-06EC83AE8A17}.Release|Any CPU.Build.0 = UnityRelease|Any CPU
		{95EB5B9D-5B1E-4CB2-B014-06EC83AE8A17}.Release|Mixed Platforms.ActiveCfg = UnityRelease|Any CPU
		{95EB5B9D-5B1E-4CB2-B014-06EC83AE8A17}.Release|Mixed Platforms.Build.0 = UnityRelease|Any CPU
		{95EB5B9D-5B1E-4CB2-B014-06EC83AE8A17}.Release|x86.ActiveCfg = UnityRelease|Any CPU
		{95EB5B9D-5B1E-4CB2-B014-06EC83AE8A17}.UnityDebug|Any CPU.ActiveCfg = UnityDebug|Any CPU
		{95EB5B9D-5B1E-4CB2-B014-06EC83AE8A17}.UnityDebug|Any CPU.Build.0 = UnityDebug|Any CPU
		{95EB5B9D-5B1E-4CB2-B014-06EC83AE8A17}.UnityDebug|Mixed Platforms.ActiveCfg = UnityDebug|Any CPU
		{95EB5B9D-5B1E-4CB2-B014-06EC83AE8A17}.UnityDebug|Mixed Platforms.Build.0 = UnityDebug|Any CPU
		{95EB5B9D-5B1E-4CB2-B014-06EC83AE8A17}.UnityDebug|x86.ActiveCfg = UnityDebug|Any CPU
		{95EB5B9D-5B1E-4CB2-B014-06EC83AE8A17}.UnityRelease|Any CPU.ActiveCfg = UnityRelease|Any CPU
		{95EB5B9D-5B1E-4CB2-B014-06EC83AE8A17}.UnityRelease|Any CPU.Build.0 = UnityRelease|Any CPU
		{95EB5B9D-5B1E-4CB2-B014-06EC83AE8A17}.UnityRelease|Mixed Platforms.ActiveCfg = UnityRelease|Any CPU
		{95EB5B9D-5B1E-4CB2-B014-06EC83AE8A17}.UnityRelease|Mixed Platforms.Build.0 = UnityRelease|Any CPU
		{95EB5B9D-5B1E-4CB2-B014-06EC83AE8A17}.UnityRelease|x86.ActiveCfg = UnityRelease|Any CPU
		{C907DA85-3A3F-4289-95E9-263F5CC79C7E}.Debug|Any CPU.ActiveCfg = Debug|x86
		{C907DA85-3A3F-4289-95E9-263F5CC79C7E}.Debug|Mixed Platforms.ActiveCfg = Debug|x86
		{C907DA85-3A3F-4289-95E9-263F5CC79C7E}.Debug|Mixed Platforms.Build.0 = Debug|x86
		{C907DA85-3A3F-4289-95E9-263F5CC79C7E}.Debug|x86.ActiveCfg = Debug|x86
		{C907DA85-3A3F-4289-95E9-263F5CC79C7E}.Debug|x86.Build.0 = Debug|x86
		{C907DA85-3A3F-4289-95E9-263F5CC79C7E}.Release|Any CPU.ActiveCfg = Release|x86
		{C907DA85-3A3F-4289-95E9-263F5CC79C7E}.Release|Mixed Platforms.ActiveCfg = Release|x86
		{C907DA85-3A3F-4289-95E9-263F5CC79C7E}.Release|Mixed Platforms.Build.0 = Release|x86
		{C907DA85-3A3F-4289-95E9-263F5CC79C7E}.Release|x86.ActiveCfg = Release|x86
		{C907DA85-3A3F-4289-95E9-263F5CC79C7E}.Release|x86.Build.0 = Release|x86
		{C907DA85-3A3F-4289-95E9-263F5CC79C7E}.UnityDebug|Any CPU.ActiveCfg = Debug|x86
		{C907DA85-3A3F-4289-95E9-263F5CC79C7E}.UnityDebug|Mixed Platforms.ActiveCfg = Debug|x86
		{C907DA85-3A3F-4289-95E9-263F5CC79C7E}.UnityDebug|Mixed Platforms.Build.0 = Debug|x86
		{C907DA85-3A3F-4289-95E9-263F5CC79C7E}.UnityDebug|x86.ActiveCfg = Debug|x86
		{C907DA85-3A3F-4289-95E9-263F5CC79C7E}.UnityDebug|x86.Build.0 = Debug|x86
		{C907DA85-3A3F-4289-95E9-263F5CC79C7E}.UnityRelease|Any CPU.ActiveCfg = Release|x86
		{C907DA85-3A3F-4289-95E9-263F5CC79C7E}.UnityRelease|Mixed Platforms.ActiveCfg = Release|x86
		{C907DA85-3A3F-4289-95E9-263F5CC79C7E}.UnityRelease|Mixed Platforms.Build.0 = Release|x86
		{C907DA85-3A3F-4289-95E9-263F5CC79C7E}.UnityRelease|x86.ActiveCfg = Release|x86
		{C907DA85-3A3F-4289-95E9-263F5CC79C7E}.UnityRelease|x86.Build.0 = Release|x86
	EndGlobalSection
	GlobalSection(SolutionProperties) = preSolution
		HideSolutionNode = FALSE
	EndGlobalSection
EndGlobal
